
Microsoft Visual Studio Solution File, Format Version 12.00
# Visual Studio Version 17
VisualStudioVersion = 17.11.35327.3
MinimumVisualStudioVersion = 10.0.40219.1
Project("{9A19103F-16F7-4668-BE54-9A1E7A4F7556}") = "Localyssation", "Source\Localyssation.csproj", "{5C53D5B7-0443-48ED-AB06-3945B1A6A44A}"
EndProject
Project("{2150E333-8FDC-42A3-9474-1A3956D46DE8}") = "解决方案项", "解决方案项", "{D9474C89-5FD0-4613-B08B-7DFDB8B31919}"
	ProjectSection(SolutionItems) = preProject
		.gitattributes = .gitattributes
		.gitignore = .gitignore
		CHANGELOG.md = CHANGELOG.md
		DevNote.md = DevNote.md
		icon.png = icon.png
		LICENSE = LICENSE
		manifest.json = manifest.json
		README.md = README.md
		unifont.fontbundle = unifont.fontbundle
	EndProjectSection
EndProject
Project("{2150E333-8FDC-42A3-9474-1A3956D46DE8}") = "调试", "调试", "{B9D2E036-464C-45E9-933A-0A790FF949AC}"
	ProjectSection(SolutionItems) = preProject
		C:\Users\TowardTheStars\AppData\Roaming\r2modmanPlus-local\ATLYSS\profiles\test2\BepInEx\LogOutput.log = C:\Users\TowardTheStars\AppData\Roaming\r2modmanPlus-local\ATLYSS\profiles\test2\BepInEx\LogOutput.log
	EndProjectSection
EndProject
Global
	GlobalSection(SolutionConfigurationPlatforms) = preSolution
		Debug|Any CPU = Debug|Any CPU
		Release|Any CPU = Release|Any CPU
	EndGlobalSection
	GlobalSection(ProjectConfigurationPlatforms) = postSolution
		{5C53D5B7-0443-48ED-AB06-3945B1A6A44A}.Debug|Any CPU.ActiveCfg = Debug|Any CPU
		{5C53D5B7-0443-48ED-AB06-3945B1A6A44A}.Debug|Any CPU.Build.0 = Debug|Any CPU
		{5C53D5B7-0443-48ED-AB06-3945B1A6A44A}.Release|Any CPU.ActiveCfg = Release|Any CPU
		{5C53D5B7-0443-48ED-AB06-3945B1A6A44A}.Release|Any CPU.Build.0 = Release|Any CPU
	EndGlobalSection
	GlobalSection(SolutionProperties) = preSolution
		HideSolutionNode = FALSE
	EndGlobalSection
	GlobalSection(ExtensibilityGlobals) = postSolution
		SolutionGuid = {90E1C35B-2A0A-46B0-8919-D37627620CE2}
	EndGlobalSection
EndGlobal
